
Microsoft Visual Studio Solution File, Format Version 12.00
# Visual Studio Version 17
VisualStudioVersion = 17.8.34330.188
MinimumVisualStudioVersion = 10.0.40219.1
Project("{9A19103F-16F7-4668-BE54-9A1E7A4F7556}") = "JSON", "SRC\JSON.csproj", "{2A0E2322-1327-409A-840D-9539AF9673D2}"
EndProject
Project("{9A19103F-16F7-4668-BE54-9A1E7A4F7556}") = "JSON.Tests", "TEST\JSON.Tests.csproj", "{2268956A-8187-4F14-862C-797610CF1274}"
EndProject
Project("{9A19103F-16F7-4668-BE54-9A1E7A4F7556}") = "JSON.Perf", "PERF\JSON.Perf.csproj", "{1805192D-C42D-4EEA-96A5-C86C0999E397}"
EndProject
Global
	GlobalSection(SolutionConfigurationPlatforms) = preSolution
		Debug|Any CPU = Debug|Any CPU
		Perf|Any CPU = Perf|Any CPU
		Release|Any CPU = Release|Any CPU
	EndGlobalSection
	GlobalSection(ProjectConfigurationPlatforms) = postSolution
		{2A0E2322-1327-409A-840D-9539AF9673D2}.Debug|Any CPU.ActiveCfg = Debug|Any CPU
		{2A0E2322-1327-409A-840D-9539AF9673D2}.Debug|Any CPU.Build.0 = Debug|Any CPU
		{2A0E2322-1327-409A-840D-9539AF9673D2}.Perf|Any CPU.ActiveCfg = Release|Any CPU
		{2A0E2322-1327-409A-840D-9539AF9673D2}.Perf|Any CPU.Build.0 = Release|Any CPU
		{2A0E2322-1327-409A-840D-9539AF9673D2}.Release|Any CPU.ActiveCfg = Release|Any CPU
		{2A0E2322-1327-409A-840D-9539AF9673D2}.Release|Any CPU.Build.0 = Release|Any CPU
		{2268956A-8187-4F14-862C-797610CF1274}.Debug|Any CPU.ActiveCfg = Debug|Any CPU
		{2268956A-8187-4F14-862C-797610CF1274}.Debug|Any CPU.Build.0 = Debug|Any CPU
		{2268956A-8187-4F14-862C-797610CF1274}.Perf|Any CPU.ActiveCfg = Release|Any CPU
		{2268956A-8187-4F14-862C-797610CF1274}.Release|Any CPU.ActiveCfg = Release|Any CPU
		{1805192D-C42D-4EEA-96A5-C86C0999E397}.Debug|Any CPU.ActiveCfg = Debug|Any CPU
		{1805192D-C42D-4EEA-96A5-C86C0999E397}.Debug|Any CPU.Build.0 = Debug|Any CPU
		{1805192D-C42D-4EEA-96A5-C86C0999E397}.Perf|Any CPU.ActiveCfg = Release|Any CPU
		{1805192D-C42D-4EEA-96A5-C86C0999E397}.Perf|Any CPU.Build.0 = Release|Any CPU
		{1805192D-C42D-4EEA-96A5-C86C0999E397}.Release|Any CPU.ActiveCfg = Release|Any CPU
	EndGlobalSection
	GlobalSection(SolutionProperties) = preSolution
		HideSolutionNode = FALSE
	EndGlobalSection
	GlobalSection(ExtensibilityGlobals) = postSolution
		SolutionGuid = {C492E230-C3E6-48E5-A3E5-1F683DB96CF5}
	EndGlobalSection
EndGlobal
